// !$*UTF8*$!
{
	archiveVersion = 1;
	classes = {
	};
	objectVersion = 56;
	objects = {

/* Begin PBXBuildFile section */
		6A1B400A2995340000A45EEA /* TableViewCellSubclass.swift in Sources */ = {isa = PBXBuildFile; fileRef = 6A1B40092995340000A45EEA /* TableViewCellSubclass.swift */; };
		6A685A2929A5020900558895 /* GameResults.swift in Sources */ = {isa = PBXBuildFile; fileRef = 6A685A2829A5020900558895 /* GameResults.swift */; };
		6A8EA9A42993DBB600828C4B /* AppDelegate.swift in Sources */ = {isa = PBXBuildFile; fileRef = 6A8EA9A32993DBB600828C4B /* AppDelegate.swift */; };
		6A8EA9A62993DBB600828C4B /* SceneDelegate.swift in Sources */ = {isa = PBXBuildFile; fileRef = 6A8EA9A52993DBB600828C4B /* SceneDelegate.swift */; };
		6A8EA9A82993DBB600828C4B /* ViewController.swift in Sources */ = {isa = PBXBuildFile; fileRef = 6A8EA9A72993DBB600828C4B /* ViewController.swift */; };
		6A8EA9AB2993DBB600828C4B /* Main.storyboard in Resources */ = {isa = PBXBuildFile; fileRef = 6A8EA9A92993DBB600828C4B /* Main.storyboard */; };
		6A8EA9AD2993DBB700828C4B /* Assets.xcassets in Resources */ = {isa = PBXBuildFile; fileRef = 6A8EA9AC2993DBB700828C4B /* Assets.xcassets */; };
		6A8EA9B02993DBB700828C4B /* LaunchScreen.storyboard in Resources */ = {isa = PBXBuildFile; fileRef = 6A8EA9AE2993DBB700828C4B /* LaunchScreen.storyboard */; };
		6A8EA9BB2993DBB700828C4B /* sportTests.swift in Sources */ = {isa = PBXBuildFile; fileRef = 6A8EA9BA2993DBB700828C4B /* sportTests.swift */; };
		6A8EA9C52993DBB700828C4B /* sportUITests.swift in Sources */ = {isa = PBXBuildFile; fileRef = 6A8EA9C42993DBB700828C4B /* sportUITests.swift */; };
		6A8EA9C72993DBB700828C4B /* sportUITestsLaunchTests.swift in Sources */ = {isa = PBXBuildFile; fileRef = 6A8EA9C62993DBB700828C4B /* sportUITestsLaunchTests.swift */; };
		6A8EA9D42993E42700828C4B /* ViewControllerSchedule.swift in Sources */ = {isa = PBXBuildFile; fileRef = 6A8EA9D32993E42700828C4B /* ViewControllerSchedule.swift */; };
		FF18EDF929C0A60C00D0F2CF /* FirebaseAuth in Frameworks */ = {isa = PBXBuildFile; productRef = FF18EDF829C0A60C00D0F2CF /* FirebaseAuth */; };
		FF18EDFB29C0A60C00D0F2CF /* FirebaseDatabase in Frameworks */ = {isa = PBXBuildFile; productRef = FF18EDFA29C0A60C00D0F2CF /* FirebaseDatabase */; };
		FF18EDFD29C0A60C00D0F2CF /* FirebaseDatabaseSwift in Frameworks */ = {isa = PBXBuildFile; productRef = FF18EDFC29C0A60C00D0F2CF /* FirebaseDatabaseSwift */; };
		FF18EDFF29C0A60C00D0F2CF /* FirebaseFirestore in Frameworks */ = {isa = PBXBuildFile; productRef = FF18EDFE29C0A60C00D0F2CF /* FirebaseFirestore */; };
		FF4CB1ED29C1FA510026B4AB /* GoogleService-Info.plist in Resources */ = {isa = PBXBuildFile; fileRef = FF4CB1EC29C1FA500026B4AB /* GoogleService-Info.plist */; };
		FF4CB1EE29C1FA510026B4AB /* GoogleService-Info.plist in Resources */ = {isa = PBXBuildFile; fileRef = FF4CB1EC29C1FA500026B4AB /* GoogleService-Info.plist */; };
		FF4CB1EF29C1FA510026B4AB /* GoogleService-Info.plist in Resources */ = {isa = PBXBuildFile; fileRef = FF4CB1EC29C1FA500026B4AB /* GoogleService-Info.plist */; };
		FF799AD4299BCD5800D144A9 /* clickerView.swift in Sources */ = {isa = PBXBuildFile; fileRef = FF799AD3299BCD5800D144A9 /* clickerView.swift */; };
		FFA0584829A65908005CC71F /* AddScore.swift in Sources */ = {isa = PBXBuildFile; fileRef = FFA0584729A65908005CC71F /* AddScore.swift */; };
		FFA7CA77299A849400DCD1FB /* eventInfo.swift in Sources */ = {isa = PBXBuildFile; fileRef = FFA7CA76299A849400DCD1FB /* eventInfo.swift */; };
/* End PBXBuildFile section */

/* Begin PBXContainerItemProxy section */
		6A8EA9B72993DBB700828C4B /* PBXContainerItemProxy */ = {
			isa = PBXContainerItemProxy;
			containerPortal = 6A8EA9982993DBB600828C4B /* Project object */;
			proxyType = 1;
			remoteGlobalIDString = 6A8EA99F2993DBB600828C4B;
			remoteInfo = sport;
		};
		6A8EA9C12993DBB700828C4B /* PBXContainerItemProxy */ = {
			isa = PBXContainerItemProxy;
			containerPortal = 6A8EA9982993DBB600828C4B /* Project object */;
			proxyType = 1;
			remoteGlobalIDString = 6A8EA99F2993DBB600828C4B;
			remoteInfo = sport;
		};
/* End PBXContainerItemProxy section */

/* Begin PBXFileReference section */
		6A1B40092995340000A45EEA /* TableViewCellSubclass.swift */ = {isa = PBXFileReference; lastKnownFileType = sourcecode.swift; path = TableViewCellSubclass.swift; sourceTree = "<group>"; };
		6A685A2829A5020900558895 /* GameResults.swift */ = {isa = PBXFileReference; lastKnownFileType = sourcecode.swift; path = GameResults.swift; sourceTree = "<group>"; };
		6A8EA9A02993DBB600828C4B /* sport.app */ = {isa = PBXFileReference; explicitFileType = wrapper.application; includeInIndex = 0; path = sport.app; sourceTree = BUILT_PRODUCTS_DIR; };
		6A8EA9A32993DBB600828C4B /* AppDelegate.swift */ = {isa = PBXFileReference; lastKnownFileType = sourcecode.swift; path = AppDelegate.swift; sourceTree = "<group>"; };
		6A8EA9A52993DBB600828C4B /* SceneDelegate.swift */ = {isa = PBXFileReference; lastKnownFileType = sourcecode.swift; path = SceneDelegate.swift; sourceTree = "<group>"; };
		6A8EA9A72993DBB600828C4B /* ViewController.swift */ = {isa = PBXFileReference; lastKnownFileType = sourcecode.swift; path = ViewController.swift; sourceTree = "<group>"; };
		6A8EA9AA2993DBB600828C4B /* Base */ = {isa = PBXFileReference; lastKnownFileType = file.storyboard; name = Base; path = Base.lproj/Main.storyboard; sourceTree = "<group>"; };
		6A8EA9AC2993DBB700828C4B /* Assets.xcassets */ = {isa = PBXFileReference; lastKnownFileType = folder.assetcatalog; path = Assets.xcassets; sourceTree = "<group>"; };
		6A8EA9AF2993DBB700828C4B /* Base */ = {isa = PBXFileReference; lastKnownFileType = file.storyboard; name = Base; path = Base.lproj/LaunchScreen.storyboard; sourceTree = "<group>"; };
		6A8EA9B12993DBB700828C4B /* Info.plist */ = {isa = PBXFileReference; lastKnownFileType = text.plist.xml; path = Info.plist; sourceTree = "<group>"; };
		6A8EA9B62993DBB700828C4B /* sportTests.xctest */ = {isa = PBXFileReference; explicitFileType = wrapper.cfbundle; includeInIndex = 0; path = sportTests.xctest; sourceTree = BUILT_PRODUCTS_DIR; };
		6A8EA9BA2993DBB700828C4B /* sportTests.swift */ = {isa = PBXFileReference; lastKnownFileType = sourcecode.swift; path = sportTests.swift; sourceTree = "<group>"; };
		6A8EA9C02993DBB700828C4B /* sportUITests.xctest */ = {isa = PBXFileReference; explicitFileType = wrapper.cfbundle; includeInIndex = 0; path = sportUITests.xctest; sourceTree = BUILT_PRODUCTS_DIR; };
		6A8EA9C42993DBB700828C4B /* sportUITests.swift */ = {isa = PBXFileReference; lastKnownFileType = sourcecode.swift; path = sportUITests.swift; sourceTree = "<group>"; };
		6A8EA9C62993DBB700828C4B /* sportUITestsLaunchTests.swift */ = {isa = PBXFileReference; lastKnownFileType = sourcecode.swift; path = sportUITestsLaunchTests.swift; sourceTree = "<group>"; };
		6A8EA9D32993E42700828C4B /* ViewControllerSchedule.swift */ = {isa = PBXFileReference; lastKnownFileType = sourcecode.swift; path = ViewControllerSchedule.swift; sourceTree = "<group>"; };
		FF4CB1EC29C1FA500026B4AB /* GoogleService-Info.plist */ = {isa = PBXFileReference; fileEncoding = 4; lastKnownFileType = text.plist.xml; path = "GoogleService-Info.plist"; sourceTree = "<group>"; };
		FF799AD3299BCD5800D144A9 /* clickerView.swift */ = {isa = PBXFileReference; lastKnownFileType = sourcecode.swift; path = clickerView.swift; sourceTree = "<group>"; };
		FFA0584729A65908005CC71F /* AddScore.swift */ = {isa = PBXFileReference; lastKnownFileType = sourcecode.swift; path = AddScore.swift; sourceTree = "<group>"; };
		FFA7CA76299A849400DCD1FB /* eventInfo.swift */ = {isa = PBXFileReference; lastKnownFileType = sourcecode.swift; path = eventInfo.swift; sourceTree = "<group>"; };
/* End PBXFileReference section */

/* Begin PBXFrameworksBuildPhase section */
		6A8EA99D2993DBB600828C4B /* Frameworks */ = {
			isa = PBXFrameworksBuildPhase;
			buildActionMask = 2147483647;
			files = (
				FF18EDFD29C0A60C00D0F2CF /* FirebaseDatabaseSwift in Frameworks */,
				FF18EDFF29C0A60C00D0F2CF /* FirebaseFirestore in Frameworks */,
				FF18EDFB29C0A60C00D0F2CF /* FirebaseDatabase in Frameworks */,
				FF18EDF929C0A60C00D0F2CF /* FirebaseAuth in Frameworks */,
			);
			runOnlyForDeploymentPostprocessing = 0;
		};
		6A8EA9B32993DBB700828C4B /* Frameworks */ = {
			isa = PBXFrameworksBuildPhase;
			buildActionMask = 2147483647;
			files = (
			);
			runOnlyForDeploymentPostprocessing = 0;
		};
		6A8EA9BD2993DBB700828C4B /* Frameworks */ = {
			isa = PBXFrameworksBuildPhase;
			buildActionMask = 2147483647;
			files = (
			);
			runOnlyForDeploymentPostprocessing = 0;
		};
/* End PBXFrameworksBuildPhase section */

/* Begin PBXGroup section */
		6A8EA9972993DBB600828C4B = {
			isa = PBXGroup;
			children = (
				6A8EA9A22993DBB600828C4B /* sport */,
				6A8EA9B92993DBB700828C4B /* sportTests */,
				6A8EA9C32993DBB700828C4B /* sportUITests */,
				6A8EA9A12993DBB600828C4B /* Products */,
			);
			sourceTree = "<group>";
		};
		6A8EA9A12993DBB600828C4B /* Products */ = {
			isa = PBXGroup;
			children = (
				6A8EA9A02993DBB600828C4B /* sport.app */,
				6A8EA9B62993DBB700828C4B /* sportTests.xctest */,
				6A8EA9C02993DBB700828C4B /* sportUITests.xctest */,
			);
			name = Products;
			sourceTree = "<group>";
		};
		6A8EA9A22993DBB600828C4B /* sport */ = {
			isa = PBXGroup;
			children = (
				6A1B40092995340000A45EEA /* TableViewCellSubclass.swift */,
				6A8EA9A32993DBB600828C4B /* AppDelegate.swift */,
				6A8EA9A52993DBB600828C4B /* SceneDelegate.swift */,
				6A8EA9A92993DBB600828C4B /* Main.storyboard */,
				6A8EA9A72993DBB600828C4B /* ViewController.swift */,
				FFA0584729A65908005CC71F /* AddScore.swift */,
				6A685A2829A5020900558895 /* GameResults.swift */,
				FF799AD3299BCD5800D144A9 /* clickerView.swift */,
				FFA7CA76299A849400DCD1FB /* eventInfo.swift */,
				6A8EA9D32993E42700828C4B /* ViewControllerSchedule.swift */,
				6A8EA9AC2993DBB700828C4B /* Assets.xcassets */,
				6A8EA9AE2993DBB700828C4B /* LaunchScreen.storyboard */,
				6A8EA9B12993DBB700828C4B /* Info.plist */,
				FF4CB1EC29C1FA500026B4AB /* GoogleService-Info.plist */,
			);
			path = sport;
			sourceTree = "<group>";
		};
		6A8EA9B92993DBB700828C4B /* sportTests */ = {
			isa = PBXGroup;
			children = (
				6A8EA9BA2993DBB700828C4B /* sportTests.swift */,
			);
			path = sportTests;
			sourceTree = "<group>";
		};
		6A8EA9C32993DBB700828C4B /* sportUITests */ = {
			isa = PBXGroup;
			children = (
				6A8EA9C42993DBB700828C4B /* sportUITests.swift */,
				6A8EA9C62993DBB700828C4B /* sportUITestsLaunchTests.swift */,
			);
			path = sportUITests;
			sourceTree = "<group>";
		};
/* End PBXGroup section */

/* Begin PBXNativeTarget section */
		6A8EA99F2993DBB600828C4B /* sport */ = {
			isa = PBXNativeTarget;
			buildConfigurationList = 6A8EA9CA2993DBB700828C4B /* Build configuration list for PBXNativeTarget "sport" */;
			buildPhases = (
				6A8EA99C2993DBB600828C4B /* Sources */,
				6A8EA99D2993DBB600828C4B /* Frameworks */,
				6A8EA99E2993DBB600828C4B /* Resources */,
			);
			buildRules = (
			);
			dependencies = (
			);
			name = sport;
			packageProductDependencies = (
				FF18EDF829C0A60C00D0F2CF /* FirebaseAuth */,
				FF18EDFA29C0A60C00D0F2CF /* FirebaseDatabase */,
				FF18EDFC29C0A60C00D0F2CF /* FirebaseDatabaseSwift */,
				FF18EDFE29C0A60C00D0F2CF /* FirebaseFirestore */,
			);
			productName = sport;
			productReference = 6A8EA9A02993DBB600828C4B /* sport.app */;
			productType = "com.apple.product-type.application";
		};
		6A8EA9B52993DBB700828C4B /* sportTests */ = {
			isa = PBXNativeTarget;
			buildConfigurationList = 6A8EA9CD2993DBB700828C4B /* Build configuration list for PBXNativeTarget "sportTests" */;
			buildPhases = (
				6A8EA9B22993DBB700828C4B /* Sources */,
				6A8EA9B32993DBB700828C4B /* Frameworks */,
				6A8EA9B42993DBB700828C4B /* Resources */,
			);
			buildRules = (
			);
			dependencies = (
				6A8EA9B82993DBB700828C4B /* PBXTargetDependency */,
			);
			name = sportTests;
			productName = sportTests;
			productReference = 6A8EA9B62993DBB700828C4B /* sportTests.xctest */;
			productType = "com.apple.product-type.bundle.unit-test";
		};
		6A8EA9BF2993DBB700828C4B /* sportUITests */ = {
			isa = PBXNativeTarget;
			buildConfigurationList = 6A8EA9D02993DBB700828C4B /* Build configuration list for PBXNativeTarget "sportUITests" */;
			buildPhases = (
				6A8EA9BC2993DBB700828C4B /* Sources */,
				6A8EA9BD2993DBB700828C4B /* Frameworks */,
				6A8EA9BE2993DBB700828C4B /* Resources */,
			);
			buildRules = (
			);
			dependencies = (
				6A8EA9C22993DBB700828C4B /* PBXTargetDependency */,
			);
			name = sportUITests;
			productName = sportUITests;
			productReference = 6A8EA9C02993DBB700828C4B /* sportUITests.xctest */;
			productType = "com.apple.product-type.bundle.ui-testing";
		};
/* End PBXNativeTarget section */

/* Begin PBXProject section */
		6A8EA9982993DBB600828C4B /* Project object */ = {
			isa = PBXProject;
			attributes = {
				BuildIndependentTargetsInParallel = 1;
				LastSwiftUpdateCheck = 1420;
				LastUpgradeCheck = 1420;
				TargetAttributes = {
					6A8EA99F2993DBB600828C4B = {
						CreatedOnToolsVersion = 14.2;
					};
					6A8EA9B52993DBB700828C4B = {
						CreatedOnToolsVersion = 14.2;
						TestTargetID = 6A8EA99F2993DBB600828C4B;
					};
					6A8EA9BF2993DBB700828C4B = {
						CreatedOnToolsVersion = 14.2;
						TestTargetID = 6A8EA99F2993DBB600828C4B;
					};
				};
			};
			buildConfigurationList = 6A8EA99B2993DBB600828C4B /* Build configuration list for PBXProject "sport" */;
			compatibilityVersion = "Xcode 14.0";
			developmentRegion = en;
			hasScannedForEncodings = 0;
			knownRegions = (
				en,
				Base,
			);
			mainGroup = 6A8EA9972993DBB600828C4B;
			packageReferences = (
				FF18EDF729C0A60C00D0F2CF /* XCRemoteSwiftPackageReference "firebase-ios-sdk" */,
			);
			productRefGroup = 6A8EA9A12993DBB600828C4B /* Products */;
			projectDirPath = "";
			projectRoot = "";
			targets = (
				6A8EA99F2993DBB600828C4B /* sport */,
				6A8EA9B52993DBB700828C4B /* sportTests */,
				6A8EA9BF2993DBB700828C4B /* sportUITests */,
			);
		};
/* End PBXProject section */

/* Begin PBXResourcesBuildPhase section */
		6A8EA99E2993DBB600828C4B /* Resources */ = {
			isa = PBXResourcesBuildPhase;
			buildActionMask = 2147483647;
			files = (
				6A8EA9B02993DBB700828C4B /* LaunchScreen.storyboard in Resources */,
				FF4CB1ED29C1FA510026B4AB /* GoogleService-Info.plist in Resources */,
				6A8EA9AD2993DBB700828C4B /* Assets.xcassets in Resources */,
				6A8EA9AB2993DBB600828C4B /* Main.storyboard in Resources */,
			);
			runOnlyForDeploymentPostprocessing = 0;
		};
		6A8EA9B42993DBB700828C4B /* Resources */ = {
			isa = PBXResourcesBuildPhase;
			buildActionMask = 2147483647;
			files = (
				FF4CB1EE29C1FA510026B4AB /* GoogleService-Info.plist in Resources */,
			);
			runOnlyForDeploymentPostprocessing = 0;
		};
		6A8EA9BE2993DBB700828C4B /* Resources */ = {
			isa = PBXResourcesBuildPhase;
			buildActionMask = 2147483647;
			files = (
				FF4CB1EF29C1FA510026B4AB /* GoogleService-Info.plist in Resources */,
			);
			runOnlyForDeploymentPostprocessing = 0;
		};
/* End PBXResourcesBuildPhase section */

/* Begin PBXSourcesBuildPhase section */
		6A8EA99C2993DBB600828C4B /* Sources */ = {
			isa = PBXSourcesBuildPhase;
			buildActionMask = 2147483647;
			files = (
				6A685A2929A5020900558895 /* GameResults.swift in Sources */,
				FFA0584829A65908005CC71F /* AddScore.swift in Sources */,
				6A1B400A2995340000A45EEA /* TableViewCellSubclass.swift in Sources */,
				6A8EA9A82993DBB600828C4B /* ViewController.swift in Sources */,
				6A8EA9A42993DBB600828C4B /* AppDelegate.swift in Sources */,
				FF799AD4299BCD5800D144A9 /* clickerView.swift in Sources */,
				6A8EA9A62993DBB600828C4B /* SceneDelegate.swift in Sources */,
				FFA7CA77299A849400DCD1FB /* eventInfo.swift in Sources */,
				6A8EA9D42993E42700828C4B /* ViewControllerSchedule.swift in Sources */,
			);
			runOnlyForDeploymentPostprocessing = 0;
		};
		6A8EA9B22993DBB700828C4B /* Sources */ = {
			isa = PBXSourcesBuildPhase;
			buildActionMask = 2147483647;
			files = (
				6A8EA9BB2993DBB700828C4B /* sportTests.swift in Sources */,
			);
			runOnlyForDeploymentPostprocessing = 0;
		};
		6A8EA9BC2993DBB700828C4B /* Sources */ = {
			isa = PBXSourcesBuildPhase;
			buildActionMask = 2147483647;
			files = (
				6A8EA9C52993DBB700828C4B /* sportUITests.swift in Sources */,
				6A8EA9C72993DBB700828C4B /* sportUITestsLaunchTests.swift in Sources */,
			);
			runOnlyForDeploymentPostprocessing = 0;
		};
/* End PBXSourcesBuildPhase section */

/* Begin PBXTargetDependency section */
		6A8EA9B82993DBB700828C4B /* PBXTargetDependency */ = {
			isa = PBXTargetDependency;
			target = 6A8EA99F2993DBB600828C4B /* sport */;
			targetProxy = 6A8EA9B72993DBB700828C4B /* PBXContainerItemProxy */;
		};
		6A8EA9C22993DBB700828C4B /* PBXTargetDependency */ = {
			isa = PBXTargetDependency;
			target = 6A8EA99F2993DBB600828C4B /* sport */;
			targetProxy = 6A8EA9C12993DBB700828C4B /* PBXContainerItemProxy */;
		};
/* End PBXTargetDependency section */

/* Begin PBXVariantGroup section */
		6A8EA9A92993DBB600828C4B /* Main.storyboard */ = {
			isa = PBXVariantGroup;
			children = (
				6A8EA9AA2993DBB600828C4B /* Base */,
			);
			name = Main.storyboard;
			sourceTree = "<group>";
		};
		6A8EA9AE2993DBB700828C4B /* LaunchScreen.storyboard */ = {
			isa = PBXVariantGroup;
			children = (
				6A8EA9AF2993DBB700828C4B /* Base */,
			);
			name = LaunchScreen.storyboard;
			sourceTree = "<group>";
		};
/* End PBXVariantGroup section */

/* Begin XCBuildConfiguration section */
		6A8EA9C82993DBB700828C4B /* Debug */ = {
			isa = XCBuildConfiguration;
			buildSettings = {
				ALWAYS_SEARCH_USER_PATHS = NO;
				CLANG_ANALYZER_NONNULL = YES;
				CLANG_ANALYZER_NUMBER_OBJECT_CONVERSION = YES_AGGRESSIVE;
				CLANG_CXX_LANGUAGE_STANDARD = "gnu++20";
				CLANG_ENABLE_MODULES = YES;
				CLANG_ENABLE_OBJC_ARC = YES;
				CLANG_ENABLE_OBJC_WEAK = YES;
				CLANG_WARN_BLOCK_CAPTURE_AUTORELEASING = YES;
				CLANG_WARN_BOOL_CONVERSION = YES;
				CLANG_WARN_COMMA = YES;
				CLANG_WARN_CONSTANT_CONVERSION = YES;
				CLANG_WARN_DEPRECATED_OBJC_IMPLEMENTATIONS = YES;
				CLANG_WARN_DIRECT_OBJC_ISA_USAGE = YES_ERROR;
				CLANG_WARN_DOCUMENTATION_COMMENTS = YES;
				CLANG_WARN_EMPTY_BODY = YES;
				CLANG_WARN_ENUM_CONVERSION = YES;
				CLANG_WARN_INFINITE_RECURSION = YES;
				CLANG_WARN_INT_CONVERSION = YES;
				CLANG_WARN_NON_LITERAL_NULL_CONVERSION = YES;
				CLANG_WARN_OBJC_IMPLICIT_RETAIN_SELF = YES;
				CLANG_WARN_OBJC_LITERAL_CONVERSION = YES;
				CLANG_WARN_OBJC_ROOT_CLASS = YES_ERROR;
				CLANG_WARN_QUOTED_INCLUDE_IN_FRAMEWORK_HEADER = YES;
				CLANG_WARN_RANGE_LOOP_ANALYSIS = YES;
				CLANG_WARN_STRICT_PROTOTYPES = YES;
				CLANG_WARN_SUSPICIOUS_MOVE = YES;
				CLANG_WARN_UNGUARDED_AVAILABILITY = YES_AGGRESSIVE;
				CLANG_WARN_UNREACHABLE_CODE = YES;
				CLANG_WARN__DUPLICATE_METHOD_MATCH = YES;
				COPY_PHASE_STRIP = NO;
				DEBUG_INFORMATION_FORMAT = dwarf;
				ENABLE_STRICT_OBJC_MSGSEND = YES;
				ENABLE_TESTABILITY = YES;
				GCC_C_LANGUAGE_STANDARD = gnu11;
				GCC_DYNAMIC_NO_PIC = NO;
				GCC_NO_COMMON_BLOCKS = YES;
				GCC_OPTIMIZATION_LEVEL = 0;
				GCC_PREPROCESSOR_DEFINITIONS = (
					"DEBUG=1",
					"$(inherited)",
				);
				GCC_WARN_64_TO_32_BIT_CONVERSION = YES;
				GCC_WARN_ABOUT_RETURN_TYPE = YES_ERROR;
				GCC_WARN_UNDECLARED_SELECTOR = YES;
				GCC_WARN_UNINITIALIZED_AUTOS = YES_AGGRESSIVE;
				GCC_WARN_UNUSED_FUNCTION = YES;
				GCC_WARN_UNUSED_VARIABLE = YES;
				IPHONEOS_DEPLOYMENT_TARGET = 16.2;
				MTL_ENABLE_DEBUG_INFO = INCLUDE_SOURCE;
				MTL_FAST_MATH = YES;
				ONLY_ACTIVE_ARCH = YES;
				SDKROOT = iphoneos;
				SWIFT_ACTIVE_COMPILATION_CONDITIONS = DEBUG;
				SWIFT_OPTIMIZATION_LEVEL = "-Onone";
			};
			name = Debug;
		};
		6A8EA9C92993DBB700828C4B /* Release */ = {
			isa = XCBuildConfiguration;
			buildSettings = {
				ALWAYS_SEARCH_USER_PATHS = NO;
				CLANG_ANALYZER_NONNULL = YES;
				CLANG_ANALYZER_NUMBER_OBJECT_CONVERSION = YES_AGGRESSIVE;
				CLANG_CXX_LANGUAGE_STANDARD = "gnu++20";
				CLANG_ENABLE_MODULES = YES;
				CLANG_ENABLE_OBJC_ARC = YES;
				CLANG_ENABLE_OBJC_WEAK = YES;
				CLANG_WARN_BLOCK_CAPTURE_AUTORELEASING = YES;
				CLANG_WARN_BOOL_CONVERSION = YES;
				CLANG_WARN_COMMA = YES;
				CLANG_WARN_CONSTANT_CONVERSION = YES;
				CLANG_WARN_DEPRECATED_OBJC_IMPLEMENTATIONS = YES;
				CLANG_WARN_DIRECT_OBJC_ISA_USAGE = YES_ERROR;
				CLANG_WARN_DOCUMENTATION_COMMENTS = YES;
				CLANG_WARN_EMPTY_BODY = YES;
				CLANG_WARN_ENUM_CONVERSION = YES;
				CLANG_WARN_INFINITE_RECURSION = YES;
				CLANG_WARN_INT_CONVERSION = YES;
				CLANG_WARN_NON_LITERAL_NULL_CONVERSION = YES;
				CLANG_WARN_OBJC_IMPLICIT_RETAIN_SELF = YES;
				CLANG_WARN_OBJC_LITERAL_CONVERSION = YES;
				CLANG_WARN_OBJC_ROOT_CLASS = YES_ERROR;
				CLANG_WARN_QUOTED_INCLUDE_IN_FRAMEWORK_HEADER = YES;
				CLANG_WARN_RANGE_LOOP_ANALYSIS = YES;
				CLANG_WARN_STRICT_PROTOTYPES = YES;
				CLANG_WARN_SUSPICIOUS_MOVE = YES;
				CLANG_WARN_UNGUARDED_AVAILABILITY = YES_AGGRESSIVE;
				CLANG_WARN_UNREACHABLE_CODE = YES;
				CLANG_WARN__DUPLICATE_METHOD_MATCH = YES;
				COPY_PHASE_STRIP = NO;
				DEBUG_INFORMATION_FORMAT = "dwarf-with-dsym";
				ENABLE_NS_ASSERTIONS = NO;
				ENABLE_STRICT_OBJC_MSGSEND = YES;
				GCC_C_LANGUAGE_STANDARD = gnu11;
				GCC_NO_COMMON_BLOCKS = YES;
				GCC_WARN_64_TO_32_BIT_CONVERSION = YES;
				GCC_WARN_ABOUT_RETURN_TYPE = YES_ERROR;
				GCC_WARN_UNDECLARED_SELECTOR = YES;
				GCC_WARN_UNINITIALIZED_AUTOS = YES_AGGRESSIVE;
				GCC_WARN_UNUSED_FUNCTION = YES;
				GCC_WARN_UNUSED_VARIABLE = YES;
				IPHONEOS_DEPLOYMENT_TARGET = 16.2;
				MTL_ENABLE_DEBUG_INFO = NO;
				MTL_FAST_MATH = YES;
				SDKROOT = iphoneos;
				SWIFT_COMPILATION_MODE = wholemodule;
				SWIFT_OPTIMIZATION_LEVEL = "-O";
				VALIDATE_PRODUCT = YES;
			};
			name = Release;
		};
		6A8EA9CB2993DBB700828C4B /* Debug */ = {
			isa = XCBuildConfiguration;
			buildSettings = {
				ASSETCATALOG_COMPILER_APPICON_NAME = AppIcon;
				ASSETCATALOG_COMPILER_GLOBAL_ACCENT_COLOR_NAME = AccentColor;
				CODE_SIGN_STYLE = Automatic;
				CURRENT_PROJECT_VERSION = 1;
				DEVELOPMENT_TEAM = J5VT592MMS;
				GENERATE_INFOPLIST_FILE = YES;
				INFOPLIST_FILE = sport/Info.plist;
				INFOPLIST_KEY_UIApplicationSupportsIndirectInputEvents = YES;
				INFOPLIST_KEY_UILaunchStoryboardName = LaunchScreen;
				INFOPLIST_KEY_UIMainStoryboardFile = Main;
				INFOPLIST_KEY_UISupportedInterfaceOrientations_iPad = "UIInterfaceOrientationPortrait UIInterfaceOrientationPortraitUpsideDown UIInterfaceOrientationLandscapeLeft UIInterfaceOrientationLandscapeRight";
				INFOPLIST_KEY_UISupportedInterfaceOrientations_iPhone = "UIInterfaceOrientationPortrait UIInterfaceOrientationLandscapeLeft UIInterfaceOrientationLandscapeRight";
				IPHONEOS_DEPLOYMENT_TARGET = 15.0;
				LD_RUNPATH_SEARCH_PATHS = (
					"$(inherited)",
					"@executable_path/Frameworks",
				);
				MARKETING_VERSION = 2.5;
				PRODUCT_BUNDLE_IDENTIFIER = CLC.sport;
				PRODUCT_NAME = "$(TARGET_NAME)";
				SWIFT_EMIT_LOC_STRINGS = YES;
				SWIFT_VERSION = 5.0;
				TARGETED_DEVICE_FAMILY = "1,2";
			};
			name = Debug;
		};
		6A8EA9CC2993DBB700828C4B /* Release */ = {
			isa = XCBuildConfiguration;
			buildSettings = {
				ASSETCATALOG_COMPILER_APPICON_NAME = AppIcon;
				ASSETCATALOG_COMPILER_GLOBAL_ACCENT_COLOR_NAME = AccentColor;
				CODE_SIGN_STYLE = Automatic;
				CURRENT_PROJECT_VERSION = 1;
				DEVELOPMENT_TEAM = J5VT592MMS;
				GENERATE_INFOPLIST_FILE = YES;
				INFOPLIST_FILE = sport/Info.plist;
				INFOPLIST_KEY_UIApplicationSupportsIndirectInputEvents = YES;
				INFOPLIST_KEY_UILaunchStoryboardName = LaunchScreen;
				INFOPLIST_KEY_UIMainStoryboardFile = Main;
				INFOPLIST_KEY_UISupportedInterfaceOrientations_iPad = "UIInterfaceOrientationPortrait UIInterfaceOrientationPortraitUpsideDown UIInterfaceOrientationLandscapeLeft UIInterfaceOrientationLandscapeRight";
				INFOPLIST_KEY_UISupportedInterfaceOrientations_iPhone = "UIInterfaceOrientationPortrait UIInterfaceOrientationLandscapeLeft UIInterfaceOrientationLandscapeRight";
				IPHONEOS_DEPLOYMENT_TARGET = 15.0;
				LD_RUNPATH_SEARCH_PATHS = (
					"$(inherited)",
					"@executable_path/Frameworks",
				);
				MARKETING_VERSION = 2.5;
				PRODUCT_BUNDLE_IDENTIFIER = CLC.sport;
				PRODUCT_NAME = "$(TARGET_NAME)";
				SWIFT_EMIT_LOC_STRINGS = YES;
				SWIFT_VERSION = 5.0;
				TARGETED_DEVICE_FAMILY = "1,2";
			};
			name = Release;
		};
		6A8EA9CE2993DBB700828C4B /* Debug */ = {
			isa = XCBuildConfiguration;
			buildSettings = {
				ALWAYS_EMBED_SWIFT_STANDARD_LIBRARIES = YES;
				BUNDLE_LOADER = "$(TEST_HOST)";
				CODE_SIGN_STYLE = Automatic;
				CURRENT_PROJECT_VERSION = 1;
				DEVELOPMENT_TEAM = J5VT592MMS;
				GENERATE_INFOPLIST_FILE = YES;
				IPHONEOS_DEPLOYMENT_TARGET = 16.2;
				MARKETING_VERSION = 1.0;
				PRODUCT_BUNDLE_IDENTIFIER = CLC.sportTests;
				PRODUCT_NAME = "$(TARGET_NAME)";
				SWIFT_EMIT_LOC_STRINGS = NO;
				SWIFT_VERSION = 5.0;
				TARGETED_DEVICE_FAMILY = "1,2";
				TEST_HOST = "$(BUILT_PRODUCTS_DIR)/sport.app/$(BUNDLE_EXECUTABLE_FOLDER_PATH)/sport";
			};
			name = Debug;
		};
		6A8EA9CF2993DBB700828C4B /* Release */ = {
			isa = XCBuildConfiguration;
			buildSettings = {
				ALWAYS_EMBED_SWIFT_STANDARD_LIBRARIES = YES;
				BUNDLE_LOADER = "$(TEST_HOST)";
				CODE_SIGN_STYLE = Automatic;
				CURRENT_PROJECT_VERSION = 1;
				DEVELOPMENT_TEAM = J5VT592MMS;
				GENERATE_INFOPLIST_FILE = YES;
				IPHONEOS_DEPLOYMENT_TARGET = 16.2;
				MARKETING_VERSION = 1.0;
				PRODUCT_BUNDLE_IDENTIFIER = CLC.sportTests;
				PRODUCT_NAME = "$(TARGET_NAME)";
				SWIFT_EMIT_LOC_STRINGS = NO;
				SWIFT_VERSION = 5.0;
				TARGETED_DEVICE_FAMILY = "1,2";
				TEST_HOST = "$(BUILT_PRODUCTS_DIR)/sport.app/$(BUNDLE_EXECUTABLE_FOLDER_PATH)/sport";
			};
			name = Release;
		};
		6A8EA9D12993DBB700828C4B /* Debug */ = {
			isa = XCBuildConfiguration;
			buildSettings = {
				ALWAYS_EMBED_SWIFT_STANDARD_LIBRARIES = YES;
				CODE_SIGN_STYLE = Automatic;
				CURRENT_PROJECT_VERSION = 1;
				DEVELOPMENT_TEAM = J5VT592MMS;
				GENERATE_INFOPLIST_FILE = YES;
				MARKETING_VERSION = 1.0;
				PRODUCT_BUNDLE_IDENTIFIER = CLC.sportUITests;
				PRODUCT_NAME = "$(TARGET_NAME)";
				SWIFT_EMIT_LOC_STRINGS = NO;
				SWIFT_VERSION = 5.0;
				TARGETED_DEVICE_FAMILY = "1,2";
				TEST_TARGET_NAME = sport;
			};
			name = Debug;
		};
		6A8EA9D22993DBB700828C4B /* Release */ = {
			isa = XCBuildConfiguration;
			buildSettings = {
				ALWAYS_EMBED_SWIFT_STANDARD_LIBRARIES = YES;
				CODE_SIGN_STYLE = Automatic;
				CURRENT_PROJECT_VERSION = 1;
				DEVELOPMENT_TEAM = J5VT592MMS;
				GENERATE_INFOPLIST_FILE = YES;
				MARKETING_VERSION = 1.0;
				PRODUCT_BUNDLE_IDENTIFIER = CLC.sportUITests;
				PRODUCT_NAME = "$(TARGET_NAME)";
				SWIFT_EMIT_LOC_STRINGS = NO;
				SWIFT_VERSION = 5.0;
				TARGETED_DEVICE_FAMILY = "1,2";
				TEST_TARGET_NAME = sport;
			};
			name = Release;
		};
/* End XCBuildConfiguration section */

/* Begin XCConfigurationList section */
		6A8EA99B2993DBB600828C4B /* Build configuration list for PBXProject "sport" */ = {
			isa = XCConfigurationList;
			buildConfigurations = (
				6A8EA9C82993DBB700828C4B /* Debug */,
				6A8EA9C92993DBB700828C4B /* Release */,
			);
			defaultConfigurationIsVisible = 0;
			defaultConfigurationName = Release;
		};
		6A8EA9CA2993DBB700828C4B /* Build configuration list for PBXNativeTarget "sport" */ = {
			isa = XCConfigurationList;
			buildConfigurations = (
				6A8EA9CB2993DBB700828C4B /* Debug */,
				6A8EA9CC2993DBB700828C4B /* Release */,
			);
			defaultConfigurationIsVisible = 0;
			defaultConfigurationName = Release;
		};
		6A8EA9CD2993DBB700828C4B /* Build configuration list for PBXNativeTarget "sportTests" */ = {
			isa = XCConfigurationList;
			buildConfigurations = (
				6A8EA9CE2993DBB700828C4B /* Debug */,
				6A8EA9CF2993DBB700828C4B /* Release */,
			);
			defaultConfigurationIsVisible = 0;
			defaultConfigurationName = Release;
		};
		6A8EA9D02993DBB700828C4B /* Build configuration list for PBXNativeTarget "sportUITests" */ = {
			isa = XCConfigurationList;
			buildConfigurations = (
				6A8EA9D12993DBB700828C4B /* Debug */,
				6A8EA9D22993DBB700828C4B /* Release */,
			);
			defaultConfigurationIsVisible = 0;
			defaultConfigurationName = Release;
		};
/* End XCConfigurationList section */

/* Begin XCRemoteSwiftPackageReference section */
		FF18EDF729C0A60C00D0F2CF /* XCRemoteSwiftPackageReference "firebase-ios-sdk" */ = {
			isa = XCRemoteSwiftPackageReference;
			repositoryURL = "https://github.com/firebase/firebase-ios-sdk";
			requirement = {
				branch = master;
				kind = branch;
			};
		};
/* End XCRemoteSwiftPackageReference section */

/* Begin XCSwiftPackageProductDependency section */
		FF18EDF829C0A60C00D0F2CF /* FirebaseAuth */ = {
			isa = XCSwiftPackageProductDependency;
			package = FF18EDF729C0A60C00D0F2CF /* XCRemoteSwiftPackageReference "firebase-ios-sdk" */;
			productName = FirebaseAuth;
		};
		FF18EDFA29C0A60C00D0F2CF /* FirebaseDatabase */ = {
			isa = XCSwiftPackageProductDependency;
			package = FF18EDF729C0A60C00D0F2CF /* XCRemoteSwiftPackageReference "firebase-ios-sdk" */;
			productName = FirebaseDatabase;
		};
		FF18EDFC29C0A60C00D0F2CF /* FirebaseDatabaseSwift */ = {
			isa = XCSwiftPackageProductDependency;
			package = FF18EDF729C0A60C00D0F2CF /* XCRemoteSwiftPackageReference "firebase-ios-sdk" */;
			productName = FirebaseDatabaseSwift;
		};
		FF18EDFE29C0A60C00D0F2CF /* FirebaseFirestore */ = {
			isa = XCSwiftPackageProductDependency;
			package = FF18EDF729C0A60C00D0F2CF /* XCRemoteSwiftPackageReference "firebase-ios-sdk" */;
			productName = FirebaseFirestore;
		};
/* End XCSwiftPackageProductDependency section */
	};
	rootObject = 6A8EA9982993DBB600828C4B /* Project object */;
}
